
Microsoft Visual Studio Solution File, Format Version 12.00
# Visual Studio Version 17
VisualStudioVersion = 17.0.31903.59
MinimumVisualStudioVersion = 10.0.40219.1
Project("{FAE04EC0-301F-11D3-BF4B-00C04F79EFBC}") = "secPass", "secPass\secPass.csproj", "{61DC2936-DA5E-41AA-9435-36968E01DF91}"
EndProject
Project("{FAE04EC0-301F-11D3-BF4B-00C04F79EFBC}") = "secPass_Test", "secPass_Test\secPass_Test.csproj", "{74491A5A-D1DB-4951-99AE-4489D63479CC}"
EndProject
Global
	GlobalSection(SolutionConfigurationPlatforms) = preSolution
		Debug|Any CPU = Debug|Any CPU
		Release|Any CPU = Release|Any CPU
	EndGlobalSection
	GlobalSection(ProjectConfigurationPlatforms) = postSolution
		{61DC2936-DA5E-41AA-9435-36968E01DF91}.Debug|Any CPU.ActiveCfg = Debug|Any CPU
		{61DC2936-DA5E-41AA-9435-36968E01DF91}.Debug|Any CPU.Build.0 = Debug|Any CPU
		{61DC2936-DA5E-41AA-9435-36968E01DF91}.Release|Any CPU.ActiveCfg = Release|Any CPU
		{61DC2936-DA5E-41AA-9435-36968E01DF91}.Release|Any CPU.Build.0 = Release|Any CPU
		{74491A5A-D1DB-4951-99AE-4489D63479CC}.Debug|Any CPU.ActiveCfg = Debug|Any CPU
		{74491A5A-D1DB-4951-99AE-4489D63479CC}.Debug|Any CPU.Build.0 = Debug|Any CPU
		{74491A5A-D1DB-4951-99AE-4489D63479CC}.Release|Any CPU.ActiveCfg = Release|Any CPU
		{74491A5A-D1DB-4951-99AE-4489D63479CC}.Release|Any CPU.Build.0 = Release|Any CPU
	EndGlobalSection
	GlobalSection(SolutionProperties) = preSolution
		HideSolutionNode = FALSE
	EndGlobalSection
	GlobalSection(ExtensibilityGlobals) = postSolution
		SolutionGuid = {8D32101C-28F1-4301-896C-BC93BA9C7F15}
	EndGlobalSection
EndGlobal
